// !$*UTF8*$!
{
	archiveVersion = 1;
	classes = {
	};
	objectVersion = 50;
	objects = {

/* Begin PBXBuildFile section */
		B438AE6423C4152700BB2529 /* membuf.cpp in Sources */ = {isa = PBXBuildFile; fileRef = B438AE6223C4152700BB2529 /* membuf.cpp */; };
		B438AE6523C4152700BB2529 /* membuf.hpp in Headers */ = {isa = PBXBuildFile; fileRef = B438AE6323C4152700BB2529 /* membuf.hpp */; };
		B438AE6D23C41A3500BB2529 /* main.cpp in Sources */ = {isa = PBXBuildFile; fileRef = B438AE6C23C41A3500BB2529 /* main.cpp */; };
		B438AE7223C41B5E00BB2529 /* libmembuf.a in Frameworks */ = {isa = PBXBuildFile; fileRef = B438AE5B23C4149C00BB2529 /* libmembuf.a */; };
		B438AE7523C6CBEC00BB2529 /* StateController.cpp in Sources */ = {isa = PBXBuildFile; fileRef = B438AE7323C6CBEC00BB2529 /* StateController.cpp */; };
		B438AE7623C6CBEC00BB2529 /* StateController.hpp in Headers */ = {isa = PBXBuildFile; fileRef = B438AE7423C6CBEC00BB2529 /* StateController.hpp */; };
		B438AE7923C6D1C500BB2529 /* Memento.cpp in Sources */ = {isa = PBXBuildFile; fileRef = B438AE7723C6D1C500BB2529 /* Memento.cpp */; };
		B438AE7A23C6D1C500BB2529 /* Memento.hpp in Headers */ = {isa = PBXBuildFile; fileRef = B438AE7823C6D1C500BB2529 /* Memento.hpp */; };
/* End PBXBuildFile section */

/* Begin PBXCopyFilesBuildPhase section */
		B438AE6823C41A3500BB2529 /* CopyFiles */ = {
			isa = PBXCopyFilesBuildPhase;
			buildActionMask = 2147483647;
			dstPath = /usr/share/man/man1/;
			dstSubfolderSpec = 0;
			files = (
			);
			runOnlyForDeploymentPostprocessing = 1;
		};
/* End PBXCopyFilesBuildPhase section */

/* Begin PBXFileReference section */
		B438AE5B23C4149C00BB2529 /* libmembuf.a */ = {isa = PBXFileReference; explicitFileType = archive.ar; includeInIndex = 0; path = libmembuf.a; sourceTree = BUILT_PRODUCTS_DIR; };
		B438AE6223C4152700BB2529 /* membuf.cpp */ = {isa = PBXFileReference; lastKnownFileType = sourcecode.cpp.cpp; path = membuf.cpp; sourceTree = "<group>"; };
		B438AE6323C4152700BB2529 /* membuf.hpp */ = {isa = PBXFileReference; lastKnownFileType = sourcecode.cpp.h; path = membuf.hpp; sourceTree = "<group>"; };
		B438AE6A23C41A3500BB2529 /* test */ = {isa = PBXFileReference; explicitFileType = "compiled.mach-o.executable"; includeInIndex = 0; path = test; sourceTree = BUILT_PRODUCTS_DIR; };
		B438AE6C23C41A3500BB2529 /* main.cpp */ = {isa = PBXFileReference; lastKnownFileType = sourcecode.cpp.cpp; path = main.cpp; sourceTree = "<group>"; };
		B438AE7323C6CBEC00BB2529 /* StateController.cpp */ = {isa = PBXFileReference; lastKnownFileType = sourcecode.cpp.cpp; path = StateController.cpp; sourceTree = "<group>"; };
		B438AE7423C6CBEC00BB2529 /* StateController.hpp */ = {isa = PBXFileReference; lastKnownFileType = sourcecode.cpp.h; path = StateController.hpp; sourceTree = "<group>"; };
		B438AE7723C6D1C500BB2529 /* Memento.cpp */ = {isa = PBXFileReference; lastKnownFileType = sourcecode.cpp.cpp; path = Memento.cpp; sourceTree = "<group>"; };
		B438AE7823C6D1C500BB2529 /* Memento.hpp */ = {isa = PBXFileReference; lastKnownFileType = sourcecode.cpp.h; path = Memento.hpp; sourceTree = "<group>"; };
/* End PBXFileReference section */

/* Begin PBXFrameworksBuildPhase section */
		B438AE5923C4149C00BB2529 /* Frameworks */ = {
			isa = PBXFrameworksBuildPhase;
			buildActionMask = 2147483647;
			files = (
			);
			runOnlyForDeploymentPostprocessing = 0;
		};
		B438AE6723C41A3500BB2529 /* Frameworks */ = {
			isa = PBXFrameworksBuildPhase;
			buildActionMask = 2147483647;
			files = (
				B438AE7223C41B5E00BB2529 /* libmembuf.a in Frameworks */,
			);
			runOnlyForDeploymentPostprocessing = 0;
		};
/* End PBXFrameworksBuildPhase section */

/* Begin PBXGroup section */
		B438AE5223C4149C00BB2529 = {
			isa = PBXGroup;
			children = (
				B438AE7723C6D1C500BB2529 /* Memento.cpp */,
				B438AE7823C6D1C500BB2529 /* Memento.hpp */,
				B438AE7323C6CBEC00BB2529 /* StateController.cpp */,
				B438AE7423C6CBEC00BB2529 /* StateController.hpp */,
				B438AE6B23C41A3500BB2529 /* test */,
				B438AE5C23C4149C00BB2529 /* Products */,
				B438AE6223C4152700BB2529 /* membuf.cpp */,
				B438AE6323C4152700BB2529 /* membuf.hpp */,
				B438AE7123C41B5E00BB2529 /* Frameworks */,
			);
			sourceTree = "<group>";
		};
		B438AE5C23C4149C00BB2529 /* Products */ = {
			isa = PBXGroup;
			children = (
				B438AE5B23C4149C00BB2529 /* libmembuf.a */,
				B438AE6A23C41A3500BB2529 /* test */,
			);
			name = Products;
			sourceTree = "<group>";
		};
		B438AE6B23C41A3500BB2529 /* test */ = {
			isa = PBXGroup;
			children = (
				B438AE6C23C41A3500BB2529 /* main.cpp */,
			);
			path = test;
			sourceTree = "<group>";
		};
		B438AE7123C41B5E00BB2529 /* Frameworks */ = {
			isa = PBXGroup;
			children = (
			);
			name = Frameworks;
			sourceTree = "<group>";
		};
/* End PBXGroup section */

/* Begin PBXHeadersBuildPhase section */
		B438AE5723C4149C00BB2529 /* Headers */ = {
			isa = PBXHeadersBuildPhase;
			buildActionMask = 2147483647;
			files = (
				B438AE7623C6CBEC00BB2529 /* StateController.hpp in Headers */,
				B438AE7A23C6D1C500BB2529 /* Memento.hpp in Headers */,
				B438AE6523C4152700BB2529 /* membuf.hpp in Headers */,
			);
			runOnlyForDeploymentPostprocessing = 0;
		};
/* End PBXHeadersBuildPhase section */

/* Begin PBXNativeTarget section */
		B438AE5A23C4149C00BB2529 /* membuf */ = {
			isa = PBXNativeTarget;
			buildConfigurationList = B438AE5F23C4149C00BB2529 /* Build configuration list for PBXNativeTarget "membuf" */;
			buildPhases = (
				B438AE5723C4149C00BB2529 /* Headers */,
				B438AE5823C4149C00BB2529 /* Sources */,
				B438AE5923C4149C00BB2529 /* Frameworks */,
			);
			buildRules = (
			);
			dependencies = (
			);
			name = membuf;
			productName = membuf;
			productReference = B438AE5B23C4149C00BB2529 /* libmembuf.a */;
			productType = "com.apple.product-type.library.static";
		};
		B438AE6923C41A3500BB2529 /* test */ = {
			isa = PBXNativeTarget;
			buildConfigurationList = B438AE6E23C41A3500BB2529 /* Build configuration list for PBXNativeTarget "test" */;
			buildPhases = (
				B438AE6623C41A3500BB2529 /* Sources */,
				B438AE6723C41A3500BB2529 /* Frameworks */,
				B438AE6823C41A3500BB2529 /* CopyFiles */,
			);
			buildRules = (
			);
			dependencies = (
			);
			name = test;
			productName = test;
			productReference = B438AE6A23C41A3500BB2529 /* test */;
			productType = "com.apple.product-type.tool";
		};
/* End PBXNativeTarget section */

/* Begin PBXProject section */
		B438AE5323C4149C00BB2529 /* Project object */ = {
			isa = PBXProject;
			attributes = {
				LastUpgradeCheck = 1010;
				ORGANIZATIONNAME = "Yongjian Feng";
				TargetAttributes = {
					B438AE5A23C4149C00BB2529 = {
						CreatedOnToolsVersion = 10.1;
					};
					B438AE6923C41A3500BB2529 = {
						CreatedOnToolsVersion = 10.1;
					};
				};
			};
			buildConfigurationList = B438AE5623C4149C00BB2529 /* Build configuration list for PBXProject "membuf" */;
			compatibilityVersion = "Xcode 9.3";
			developmentRegion = en;
			hasScannedForEncodings = 0;
			knownRegions = (
				en,
			);
			mainGroup = B438AE5223C4149C00BB2529;
			productRefGroup = B438AE5C23C4149C00BB2529 /* Products */;
			projectDirPath = "";
			projectRoot = "";
			targets = (
				B438AE5A23C4149C00BB2529 /* membuf */,
				B438AE6923C41A3500BB2529 /* test */,
			);
		};
/* End PBXProject section */

/* Begin PBXSourcesBuildPhase section */
		B438AE5823C4149C00BB2529 /* Sources */ = {
			isa = PBXSourcesBuildPhase;
			buildActionMask = 2147483647;
			files = (
				B438AE6423C4152700BB2529 /* membuf.cpp in Sources */,
				B438AE7923C6D1C500BB2529 /* Memento.cpp in Sources */,
				B438AE7523C6CBEC00BB2529 /* StateController.cpp in Sources */,
			);
			runOnlyForDeploymentPostprocessing = 0;
		};
		B438AE6623C41A3500BB2529 /* Sources */ = {
			isa = PBXSourcesBuildPhase;
			buildActionMask = 2147483647;
			files = (
				B438AE6D23C41A3500BB2529 /* main.cpp in Sources */,
			);
			runOnlyForDeploymentPostprocessing = 0;
		};
/* End PBXSourcesBuildPhase section */

/* Begin XCBuildConfiguration section */
		B438AE5D23C4149C00BB2529 /* Debug */ = {
			isa = XCBuildConfiguration;
			buildSettings = {
				ALWAYS_SEARCH_USER_PATHS = NO;
				CLANG_ANALYZER_NONNULL = YES;
				CLANG_ANALYZER_NUMBER_OBJECT_CONVERSION = YES_AGGRESSIVE;
				CLANG_CXX_LANGUAGE_STANDARD = "gnu++14";
				CLANG_CXX_LIBRARY = "libc++";
				CLANG_ENABLE_MODULES = YES;
				CLANG_ENABLE_OBJC_ARC = YES;
				CLANG_ENABLE_OBJC_WEAK = YES;
				CLANG_WARN_BLOCK_CAPTURE_AUTORELEASING = YES;
				CLANG_WARN_BOOL_CONVERSION = YES;
				CLANG_WARN_COMMA = YES;
				CLANG_WARN_CONSTANT_CONVERSION = YES;
				CLANG_WARN_DEPRECATED_OBJC_IMPLEMENTATIONS = YES;
				CLANG_WARN_DIRECT_OBJC_ISA_USAGE = YES_ERROR;
				CLANG_WARN_DOCUMENTATION_COMMENTS = YES;
				CLANG_WARN_EMPTY_BODY = YES;
				CLANG_WARN_ENUM_CONVERSION = YES;
				CLANG_WARN_INFINITE_RECURSION = YES;
				CLANG_WARN_INT_CONVERSION = YES;
				CLANG_WARN_NON_LITERAL_NULL_CONVERSION = YES;
				CLANG_WARN_OBJC_IMPLICIT_RETAIN_SELF = YES;
				CLANG_WARN_OBJC_LITERAL_CONVERSION = YES;
				CLANG_WARN_OBJC_ROOT_CLASS = YES_ERROR;
				CLANG_WARN_RANGE_LOOP_ANALYSIS = YES;
				CLANG_WARN_STRICT_PROTOTYPES = YES;
				CLANG_WARN_SUSPICIOUS_MOVE = YES;
				CLANG_WARN_UNGUARDED_AVAILABILITY = YES_AGGRESSIVE;
				CLANG_WARN_UNREACHABLE_CODE = YES;
				CLANG_WARN__DUPLICATE_METHOD_MATCH = YES;
				CODE_SIGN_IDENTITY = "-";
				COPY_PHASE_STRIP = NO;
				DEBUG_INFORMATION_FORMAT = dwarf;
				ENABLE_STRICT_OBJC_MSGSEND = YES;
				ENABLE_TESTABILITY = YES;
				GCC_C_LANGUAGE_STANDARD = gnu11;
				GCC_DYNAMIC_NO_PIC = NO;
				GCC_NO_COMMON_BLOCKS = YES;
				GCC_OPTIMIZATION_LEVEL = 0;
				GCC_PREPROCESSOR_DEFINITIONS = (
					"DEBUG=1",
					"$(inherited)",
				);
				GCC_WARN_64_TO_32_BIT_CONVERSION = YES;
				GCC_WARN_ABOUT_RETURN_TYPE = YES_ERROR;
				GCC_WARN_UNDECLARED_SELECTOR = YES;
				GCC_WARN_UNINITIALIZED_AUTOS = YES_AGGRESSIVE;
				GCC_WARN_UNUSED_FUNCTION = YES;
				GCC_WARN_UNUSED_VARIABLE = YES;
				MACOSX_DEPLOYMENT_TARGET = 10.15;
				MTL_ENABLE_DEBUG_INFO = INCLUDE_SOURCE;
				MTL_FAST_MATH = YES;
				ONLY_ACTIVE_ARCH = YES;
				SDKROOT = macosx;
			};
			name = Debug;
		};
		B438AE5E23C4149C00BB2529 /* Release */ = {
			isa = XCBuildConfiguration;
			buildSettings = {
				ALWAYS_SEARCH_USER_PATHS = NO;
				CLANG_ANALYZER_NONNULL = YES;
				CLANG_ANALYZER_NUMBER_OBJECT_CONVERSION = YES_AGGRESSIVE;
				CLANG_CXX_LANGUAGE_STANDARD = "gnu++14";
				CLANG_CXX_LIBRARY = "libc++";
				CLANG_ENABLE_MODULES = YES;
				CLANG_ENABLE_OBJC_ARC = YES;
				CLANG_ENABLE_OBJC_WEAK = YES;
				CLANG_WARN_BLOCK_CAPTURE_AUTORELEASING = YES;
				CLANG_WARN_BOOL_CONVERSION = YES;
				CLANG_WARN_COMMA = YES;
				CLANG_WARN_CONSTANT_CONVERSION = YES;
				CLANG_WARN_DEPRECATED_OBJC_IMPLEMENTATIONS = YES;
				CLANG_WARN_DIRECT_OBJC_ISA_USAGE = YES_ERROR;
				CLANG_WARN_DOCUMENTATION_COMMENTS = YES;
				CLANG_WARN_EMPTY_BODY = YES;
				CLANG_WARN_ENUM_CONVERSION = YES;
				CLANG_WARN_INFINITE_RECURSION = YES;
				CLANG_WARN_INT_CONVERSION = YES;
				CLANG_WARN_NON_LITERAL_NULL_CONVERSION = YES;
				CLANG_WARN_OBJC_IMPLICIT_RETAIN_SELF = YES;
				CLANG_WARN_OBJC_LITERAL_CONVERSION = YES;
				CLANG_WARN_OBJC_ROOT_CLASS = YES_ERROR;
				CLANG_WARN_RANGE_LOOP_ANALYSIS = YES;
				CLANG_WARN_STRICT_PROTOTYPES = YES;
				CLANG_WARN_SUSPICIOUS_MOVE = YES;
				CLANG_WARN_UNGUARDED_AVAILABILITY = YES_AGGRESSIVE;
				CLANG_WARN_UNREACHABLE_CODE = YES;
				CLANG_WARN__DUPLICATE_METHOD_MATCH = YES;
				CODE_SIGN_IDENTITY = "-";
				COPY_PHASE_STRIP = NO;
				DEBUG_INFORMATION_FORMAT = "dwarf-with-dsym";
				ENABLE_NS_ASSERTIONS = NO;
				ENABLE_STRICT_OBJC_MSGSEND = YES;
				GCC_C_LANGUAGE_STANDARD = gnu11;
				GCC_NO_COMMON_BLOCKS = YES;
				GCC_WARN_64_TO_32_BIT_CONVERSION = YES;
				GCC_WARN_ABOUT_RETURN_TYPE = YES_ERROR;
				GCC_WARN_UNDECLARED_SELECTOR = YES;
				GCC_WARN_UNINITIALIZED_AUTOS = YES_AGGRESSIVE;
				GCC_WARN_UNUSED_FUNCTION = YES;
				GCC_WARN_UNUSED_VARIABLE = YES;
				MACOSX_DEPLOYMENT_TARGET = 10.15;
				MTL_ENABLE_DEBUG_INFO = NO;
				MTL_FAST_MATH = YES;
				SDKROOT = macosx;
			};
			name = Release;
		};
		B438AE6023C4149C00BB2529 /* Debug */ = {
			isa = XCBuildConfiguration;
			buildSettings = {
				CODE_SIGN_STYLE = Automatic;
				EXECUTABLE_PREFIX = lib;
				PRODUCT_NAME = "$(TARGET_NAME)";
				SKIP_INSTALL = YES;
			};
			name = Debug;
		};
		B438AE6123C4149C00BB2529 /* Release */ = {
			isa = XCBuildConfiguration;
			buildSettings = {
				CODE_SIGN_STYLE = Automatic;
				EXECUTABLE_PREFIX = lib;
				PRODUCT_NAME = "$(TARGET_NAME)";
				SKIP_INSTALL = YES;
			};
			name = Release;
		};
		B438AE6F23C41A3500BB2529 /* Debug */ = {
			isa = XCBuildConfiguration;
			buildSettings = {
				CODE_SIGN_STYLE = Automatic;
				PRODUCT_NAME = "$(TARGET_NAME)";
			};
			name = Debug;
		};
		B438AE7023C41A3500BB2529 /* Release */ = {
			isa = XCBuildConfiguration;
			buildSettings = {
				CODE_SIGN_STYLE = Automatic;
				PRODUCT_NAME = "$(TARGET_NAME)";
			};
			name = Release;
		};
/* End XCBuildConfiguration section */

/* Begin XCConfigurationList section */
		B438AE5623C4149C00BB2529 /* Build configuration list for PBXProject "membuf" */ = {
			isa = XCConfigurationList;
			buildConfigurations = (
				B438AE5D23C4149C00BB2529 /* Debug */,
				B438AE5E23C4149C00BB2529 /* Release */,
			);
			defaultConfigurationIsVisible = 0;
			defaultConfigurationName = Release;
		};
		B438AE5F23C4149C00BB2529 /* Build configuration list for PBXNativeTarget "membuf" */ = {
			isa = XCConfigurationList;
			buildConfigurations = (
				B438AE6023C4149C00BB2529 /* Debug */,
				B438AE6123C4149C00BB2529 /* Release */,
			);
			defaultConfigurationIsVisible = 0;
			defaultConfigurationName = Release;
		};
		B438AE6E23C41A3500BB2529 /* Build configuration list for PBXNativeTarget "test" */ = {
			isa = XCConfigurationList;
			buildConfigurations = (
				B438AE6F23C41A3500BB2529 /* Debug */,
				B438AE7023C41A3500BB2529 /* Release */,
			);
			defaultConfigurationIsVisible = 0;
			defaultConfigurationName = Release;
		};
/* End XCConfigurationList section */
	};
	rootObject = B438AE5323C4149C00BB2529 /* Project object */;
}
